{
  "name": "Client-demos",
  "lockfileVersion": 3,
  "requires": true,
  "packages": {
    "": {
      "dependencies": {
        "hallmark": "github:nutlope/hallmark"
      }
    },
    "node_modules/hallmark": {
      "version": "1.0.0",
      "resolved": "git+ssh://git@github.com/nutlope/hallmark.git#39fe438bf930b040c7a60350d18a0e3b54a24a5a",
      "license": "MIT"
    }
  }
}
